
Microsoft Visual Studio Solution File, Format Version 12.00
# Visual Studio Version 17
VisualStudioVersion = 17.13.35818.85 d17.13
MinimumVisualStudioVersion = 10.0.40219.1
Project("{FAE04EC0-301F-11D3-BF4B-00C04F79EFBC}") = "MovieBookingSystem", "MovieBookingSystem\MovieBookingSystem.csproj", "{62ED286E-1396-41EF-8989-A801845E4066}"
EndProject
Global
	GlobalSection(SolutionConfigurationPlatforms) = preSolution
		Debug|Any CPU = Debug|Any CPU
		Release|Any CPU = Release|Any CPU
	EndGlobalSection
	GlobalSection(ProjectConfigurationPlatforms) = postSolution
		{62ED286E-1396-41EF-8989-A801845E4066}.Debug|Any CPU.ActiveCfg = Debug|Any CPU
		{62ED286E-1396-41EF-8989-A801845E4066}.Debug|Any CPU.Build.0 = Debug|Any CPU
		{62ED286E-1396-41EF-8989-A801845E4066}.Release|Any CPU.ActiveCfg = Release|Any CPU
		{62ED286E-1396-41EF-8989-A801845E4066}.Release|Any CPU.Build.0 = Release|Any CPU
	EndGlobalSection
	GlobalSection(SolutionProperties) = preSolution
		HideSolutionNode = FALSE
	EndGlobalSection
	GlobalSection(ExtensibilityGlobals) = postSolution
		SolutionGuid = {D50EA1D0-F487-4186-9134-A94D80B996FD}
	EndGlobalSection
EndGlobal
